
Microsoft Visual Studio Solution File, Format Version 12.00
# Visual Studio Version 17
VisualStudioVersion = 17.10.35027.167
MinimumVisualStudioVersion = 10.0.40219.1
Project("{FAE04EC0-301F-11D3-BF4B-00C04F79EFBC}") = "WindowsFormsAppI", "WindowsFormsAppI\WindowsFormsAppI.csproj", "{1393EC66-B355-499C-A533-F67EDD1A4480}"
EndProject
Global
	GlobalSection(SolutionConfigurationPlatforms) = preSolution
		Debug|Any CPU = Debug|Any CPU
		Release|Any CPU = Release|Any CPU
	EndGlobalSection
	GlobalSection(ProjectConfigurationPlatforms) = postSolution
		{1393EC66-B355-499C-A533-F67EDD1A4480}.Debug|Any CPU.ActiveCfg = Debug|Any CPU
		{1393EC66-B355-499C-A533-F67EDD1A4480}.Debug|Any CPU.Build.0 = Debug|Any CPU
		{1393EC66-B355-499C-A533-F67EDD1A4480}.Release|Any CPU.ActiveCfg = Release|Any CPU
		{1393EC66-B355-499C-A533-F67EDD1A4480}.Release|Any CPU.Build.0 = Release|Any CPU
	EndGlobalSection
	GlobalSection(SolutionProperties) = preSolution
		HideSolutionNode = FALSE
	EndGlobalSection
	GlobalSection(ExtensibilityGlobals) = postSolution
		SolutionGuid = {B01DC796-7905-48AB-9444-96F9EF463FA0}
	EndGlobalSection
EndGlobal
